// !$*UTF8*$!
{
	archiveVersion = 1;
	classes = {
	};
	objectVersion = 50;
	objects = {

/* Begin PBXBuildFile section */
		3FB686E925EA215800883926 /* AppDelegate.swift in Sources */ = {isa = PBXBuildFile; fileRef = 3FB686E825EA215800883926 /* AppDelegate.swift */; };
		3FB686EB25EA215800883926 /* SceneDelegate.swift in Sources */ = {isa = PBXBuildFile; fileRef = 3FB686EA25EA215800883926 /* SceneDelegate.swift */; };
		3FB686ED25EA215800883926 /* ViewController.swift in Sources */ = {isa = PBXBuildFile; fileRef = 3FB686EC25EA215800883926 /* ViewController.swift */; };
		3FB686F025EA215800883926 /* Main.storyboard in Resources */ = {isa = PBXBuildFile; fileRef = 3FB686EE25EA215800883926 /* Main.storyboard */; };
		3FB686F225EA215800883926 /* Assets.xcassets in Resources */ = {isa = PBXBuildFile; fileRef = 3FB686F125EA215800883926 /* Assets.xcassets */; };
		3FB686F525EA215800883926 /* LaunchScreen.storyboard in Resources */ = {isa = PBXBuildFile; fileRef = 3FB686F325EA215800883926 /* LaunchScreen.storyboard */; };
		3FB6870025EA215900883926 /* autolayoutTests.swift in Sources */ = {isa = PBXBuildFile; fileRef = 3FB686FF25EA215900883926 /* autolayoutTests.swift */; };
		3FB6870B25EA215900883926 /* autolayoutUITests.swift in Sources */ = {isa = PBXBuildFile; fileRef = 3FB6870A25EA215900883926 /* autolayoutUITests.swift */; };
		3FB6871C25EA218500883926 /* 1.jpeg in Resources */ = {isa = PBXBuildFile; fileRef = 3FB6871B25EA218500883926 /* 1.jpeg */; };
/* End PBXBuildFile section */

/* Begin PBXContainerItemProxy section */
		3FB686FC25EA215900883926 /* PBXContainerItemProxy */ = {
			isa = PBXContainerItemProxy;
			containerPortal = 3FB686DD25EA215800883926 /* Project object */;
			proxyType = 1;
			remoteGlobalIDString = 3FB686E425EA215800883926;
			remoteInfo = autolayout;
		};
		3FB6870725EA215900883926 /* PBXContainerItemProxy */ = {
			isa = PBXContainerItemProxy;
			containerPortal = 3FB686DD25EA215800883926 /* Project object */;
			proxyType = 1;
			remoteGlobalIDString = 3FB686E425EA215800883926;
			remoteInfo = autolayout;
		};
/* End PBXContainerItemProxy section */

/* Begin PBXFileReference section */
		3FB686E525EA215800883926 /* autolayout.app */ = {isa = PBXFileReference; explicitFileType = wrapper.application; includeInIndex = 0; path = autolayout.app; sourceTree = BUILT_PRODUCTS_DIR; };
		3FB686E825EA215800883926 /* AppDelegate.swift */ = {isa = PBXFileReference; lastKnownFileType = sourcecode.swift; path = AppDelegate.swift; sourceTree = "<group>"; };
		3FB686EA25EA215800883926 /* SceneDelegate.swift */ = {isa = PBXFileReference; lastKnownFileType = sourcecode.swift; path = SceneDelegate.swift; sourceTree = "<group>"; };
		3FB686EC25EA215800883926 /* ViewController.swift */ = {isa = PBXFileReference; lastKnownFileType = sourcecode.swift; path = ViewController.swift; sourceTree = "<group>"; };
		3FB686EF25EA215800883926 /* Base */ = {isa = PBXFileReference; lastKnownFileType = file.storyboard; name = Base; path = Base.lproj/Main.storyboard; sourceTree = "<group>"; };
		3FB686F125EA215800883926 /* Assets.xcassets */ = {isa = PBXFileReference; lastKnownFileType = folder.assetcatalog; path = Assets.xcassets; sourceTree = "<group>"; };
		3FB686F425EA215800883926 /* Base */ = {isa = PBXFileReference; lastKnownFileType = file.storyboard; name = Base; path = Base.lproj/LaunchScreen.storyboard; sourceTree = "<group>"; };
		3FB686F625EA215800883926 /* Info.plist */ = {isa = PBXFileReference; lastKnownFileType = text.plist.xml; path = Info.plist; sourceTree = "<group>"; };
		3FB686FB25EA215900883926 /* autolayoutTests.xctest */ = {isa = PBXFileReference; explicitFileType = wrapper.cfbundle; includeInIndex = 0; path = autolayoutTests.xctest; sourceTree = BUILT_PRODUCTS_DIR; };
		3FB686FF25EA215900883926 /* autolayoutTests.swift */ = {isa = PBXFileReference; lastKnownFileType = sourcecode.swift; path = autolayoutTests.swift; sourceTree = "<group>"; };
		3FB6870125EA215900883926 /* Info.plist */ = {isa = PBXFileReference; lastKnownFileType = text.plist.xml; path = Info.plist; sourceTree = "<group>"; };
		3FB6870625EA215900883926 /* autolayoutUITests.xctest */ = {isa = PBXFileReference; explicitFileType = wrapper.cfbundle; includeInIndex = 0; path = autolayoutUITests.xctest; sourceTree = BUILT_PRODUCTS_DIR; };
		3FB6870A25EA215900883926 /* autolayoutUITests.swift */ = {isa = PBXFileReference; lastKnownFileType = sourcecode.swift; path = autolayoutUITests.swift; sourceTree = "<group>"; };
		3FB6870C25EA215900883926 /* Info.plist */ = {isa = PBXFileReference; lastKnownFileType = text.plist.xml; path = Info.plist; sourceTree = "<group>"; };
		3FB6871B25EA218500883926 /* 1.jpeg */ = {isa = PBXFileReference; lastKnownFileType = image.jpeg; path = 1.jpeg; sourceTree = "<group>"; };
/* End PBXFileReference section */

/* Begin PBXFrameworksBuildPhase section */
		3FB686E225EA215800883926 /* Frameworks */ = {
			isa = PBXFrameworksBuildPhase;
			buildActionMask = 2147483647;
			files = (
			);
			runOnlyForDeploymentPostprocessing = 0;
		};
		3FB686F825EA215900883926 /* Frameworks */ = {
			isa = PBXFrameworksBuildPhase;
			buildActionMask = 2147483647;
			files = (
			);
			runOnlyForDeploymentPostprocessing = 0;
		};
		3FB6870325EA215900883926 /* Frameworks */ = {
			isa = PBXFrameworksBuildPhase;
			buildActionMask = 2147483647;
			files = (
			);
			runOnlyForDeploymentPostprocessing = 0;
		};
/* End PBXFrameworksBuildPhase section */

/* Begin PBXGroup section */
		3FB686DC25EA215800883926 = {
			isa = PBXGroup;
			children = (
				3FB686E725EA215800883926 /* autolayout */,
				3FB686FE25EA215900883926 /* autolayoutTests */,
				3FB6870925EA215900883926 /* autolayoutUITests */,
				3FB686E625EA215800883926 /* Products */,
			);
			sourceTree = "<group>";
		};
		3FB686E625EA215800883926 /* Products */ = {
			isa = PBXGroup;
			children = (
				3FB686E525EA215800883926 /* autolayout.app */,
				3FB686FB25EA215900883926 /* autolayoutTests.xctest */,
				3FB6870625EA215900883926 /* autolayoutUITests.xctest */,
			);
			name = Products;
			sourceTree = "<group>";
		};
		3FB686E725EA215800883926 /* autolayout */ = {
			isa = PBXGroup;
			children = (
				3FB6871B25EA218500883926 /* 1.jpeg */,
				3FB686E825EA215800883926 /* AppDelegate.swift */,
				3FB686EA25EA215800883926 /* SceneDelegate.swift */,
				3FB686EC25EA215800883926 /* ViewController.swift */,
				3FB686EE25EA215800883926 /* Main.storyboard */,
				3FB686F125EA215800883926 /* Assets.xcassets */,
				3FB686F325EA215800883926 /* LaunchScreen.storyboard */,
				3FB686F625EA215800883926 /* Info.plist */,
			);
			path = autolayout;
			sourceTree = "<group>";
		};
		3FB686FE25EA215900883926 /* autolayoutTests */ = {
			isa = PBXGroup;
			children = (
				3FB686FF25EA215900883926 /* autolayoutTests.swift */,
				3FB6870125EA215900883926 /* Info.plist */,
			);
			path = autolayoutTests;
			sourceTree = "<group>";
		};
		3FB6870925EA215900883926 /* autolayoutUITests */ = {
			isa = PBXGroup;
			children = (
				3FB6870A25EA215900883926 /* autolayoutUITests.swift */,
				3FB6870C25EA215900883926 /* Info.plist */,
			);
			path = autolayoutUITests;
			sourceTree = "<group>";
		};
/* End PBXGroup section */

/* Begin PBXNativeTarget section */
		3FB686E425EA215800883926 /* autolayout */ = {
			isa = PBXNativeTarget;
			buildConfigurationList = 3FB6870F25EA215900883926 /* Build configuration list for PBXNativeTarget "autolayout" */;
			buildPhases = (
				3FB686E125EA215800883926 /* Sources */,
				3FB686E225EA215800883926 /* Frameworks */,
				3FB686E325EA215800883926 /* Resources */,
			);
			buildRules = (
			);
			dependencies = (
			);
			name = autolayout;
			productName = autolayout;
			productReference = 3FB686E525EA215800883926 /* autolayout.app */;
			productType = "com.apple.product-type.application";
		};
		3FB686FA25EA215900883926 /* autolayoutTests */ = {
			isa = PBXNativeTarget;
			buildConfigurationList = 3FB6871225EA215900883926 /* Build configuration list for PBXNativeTarget "autolayoutTests" */;
			buildPhases = (
				3FB686F725EA215900883926 /* Sources */,
				3FB686F825EA215900883926 /* Frameworks */,
				3FB686F925EA215900883926 /* Resources */,
			);
			buildRules = (
			);
			dependencies = (
				3FB686FD25EA215900883926 /* PBXTargetDependency */,
			);
			name = autolayoutTests;
			productName = autolayoutTests;
			productReference = 3FB686FB25EA215900883926 /* autolayoutTests.xctest */;
			productType = "com.apple.product-type.bundle.unit-test";
		};
		3FB6870525EA215900883926 /* autolayoutUITests */ = {
			isa = PBXNativeTarget;
			buildConfigurationList = 3FB6871525EA215900883926 /* Build configuration list for PBXNativeTarget "autolayoutUITests" */;
			buildPhases = (
				3FB6870225EA215900883926 /* Sources */,
				3FB6870325EA215900883926 /* Frameworks */,
				3FB6870425EA215900883926 /* Resources */,
			);
			buildRules = (
			);
			dependencies = (
				3FB6870825EA215900883926 /* PBXTargetDependency */,
			);
			name = autolayoutUITests;
			productName = autolayoutUITests;
			productReference = 3FB6870625EA215900883926 /* autolayoutUITests.xctest */;
			productType = "com.apple.product-type.bundle.ui-testing";
		};
/* End PBXNativeTarget section */

/* Begin PBXProject section */
		3FB686DD25EA215800883926 /* Project object */ = {
			isa = PBXProject;
			attributes = {
				LastSwiftUpdateCheck = 1240;
				LastUpgradeCheck = 1240;
				TargetAttributes = {
					3FB686E425EA215800883926 = {
						CreatedOnToolsVersion = 12.4;
					};
					3FB686FA25EA215900883926 = {
						CreatedOnToolsVersion = 12.4;
						TestTargetID = 3FB686E425EA215800883926;
					};
					3FB6870525EA215900883926 = {
						CreatedOnToolsVersion = 12.4;
						TestTargetID = 3FB686E425EA215800883926;
					};
				};
			};
			buildConfigurationList = 3FB686E025EA215800883926 /* Build configuration list for PBXProject "autolayout" */;
			compatibilityVersion = "Xcode 9.3";
			developmentRegion = en;
			hasScannedForEncodings = 0;
			knownRegions = (
				en,
				Base,
			);
			mainGroup = 3FB686DC25EA215800883926;
			productRefGroup = 3FB686E625EA215800883926 /* Products */;
			projectDirPath = "";
			projectRoot = "";
			targets = (
				3FB686E425EA215800883926 /* autolayout */,
				3FB686FA25EA215900883926 /* autolayoutTests */,
				3FB6870525EA215900883926 /* autolayoutUITests */,
			);
		};
/* End PBXProject section */

/* Begin PBXResourcesBuildPhase section */
		3FB686E325EA215800883926 /* Resources */ = {
			isa = PBXResourcesBuildPhase;
			buildActionMask = 2147483647;
			files = (
				3FB686F525EA215800883926 /* LaunchScreen.storyboard in Resources */,
				3FB686F225EA215800883926 /* Assets.xcassets in Resources */,
				3FB686F025EA215800883926 /* Main.storyboard in Resources */,
				3FB6871C25EA218500883926 /* 1.jpeg in Resources */,
			);
			runOnlyForDeploymentPostprocessing = 0;
		};
		3FB686F925EA215900883926 /* Resources */ = {
			isa = PBXResourcesBuildPhase;
			buildActionMask = 2147483647;
			files = (
			);
			runOnlyForDeploymentPostprocessing = 0;
		};
		3FB6870425EA215900883926 /* Resources */ = {
			isa = PBXResourcesBuildPhase;
			buildActionMask = 2147483647;
			files = (
			);
			runOnlyForDeploymentPostprocessing = 0;
		};
/* End PBXResourcesBuildPhase section */

/* Begin PBXSourcesBuildPhase section */
		3FB686E125EA215800883926 /* Sources */ = {
			isa = PBXSourcesBuildPhase;
			buildActionMask = 2147483647;
			files = (
				3FB686ED25EA215800883926 /* ViewController.swift in Sources */,
				3FB686E925EA215800883926 /* AppDelegate.swift in Sources */,
				3FB686EB25EA215800883926 /* SceneDelegate.swift in Sources */,
			);
			runOnlyForDeploymentPostprocessing = 0;
		};
		3FB686F725EA215900883926 /* Sources */ = {
			isa = PBXSourcesBuildPhase;
			buildActionMask = 2147483647;
			files = (
				3FB6870025EA215900883926 /* autolayoutTests.swift in Sources */,
			);
			runOnlyForDeploymentPostprocessing = 0;
		};
		3FB6870225EA215900883926 /* Sources */ = {
			isa = PBXSourcesBuildPhase;
			buildActionMask = 2147483647;
			files = (
				3FB6870B25EA215900883926 /* autolayoutUITests.swift in Sources */,
			);
			runOnlyForDeploymentPostprocessing = 0;
		};
/* End PBXSourcesBuildPhase section */

/* Begin PBXTargetDependency section */
		3FB686FD25EA215900883926 /* PBXTargetDependency */ = {
			isa = PBXTargetDependency;
			target = 3FB686E425EA215800883926 /* autolayout */;
			targetProxy = 3FB686FC25EA215900883926 /* PBXContainerItemProxy */;
		};
		3FB6870825EA215900883926 /* PBXTargetDependency */ = {
			isa = PBXTargetDependency;
			target = 3FB686E425EA215800883926 /* autolayout */;
			targetProxy = 3FB6870725EA215900883926 /* PBXContainerItemProxy */;
		};
/* End PBXTargetDependency section */

/* Begin PBXVariantGroup section */
		3FB686EE25EA215800883926 /* Main.storyboard */ = {
			isa = PBXVariantGroup;
			children = (
				3FB686EF25EA215800883926 /* Base */,
			);
			name = Main.storyboard;
			sourceTree = "<group>";
		};
		3FB686F325EA215800883926 /* LaunchScreen.storyboard */ = {
			isa = PBXVariantGroup;
			children = (
				3FB686F425EA215800883926 /* Base */,
			);
			name = LaunchScreen.storyboard;
			sourceTree = "<group>";
		};
/* End PBXVariantGroup section */

/* Begin XCBuildConfiguration section */
		3FB6870D25EA215900883926 /* Debug */ = {
			isa = XCBuildConfiguration;
			buildSettings = {
				ALWAYS_SEARCH_USER_PATHS = NO;
				CLANG_ANALYZER_NONNULL = YES;
				CLANG_ANALYZER_NUMBER_OBJECT_CONVERSION = YES_AGGRESSIVE;
				CLANG_CXX_LANGUAGE_STANDARD = "gnu++14";
				CLANG_CXX_LIBRARY = "libc++";
				CLANG_ENABLE_MODULES = YES;
				CLANG_ENABLE_OBJC_ARC = YES;
				CLANG_ENABLE_OBJC_WEAK = YES;
				CLANG_WARN_BLOCK_CAPTURE_AUTORELEASING = YES;
				CLANG_WARN_BOOL_CONVERSION = YES;
				CLANG_WARN_COMMA = YES;
				CLANG_WARN_CONSTANT_CONVERSION = YES;
				CLANG_WARN_DEPRECATED_OBJC_IMPLEMENTATIONS = YES;
				CLANG_WARN_DIRECT_OBJC_ISA_USAGE = YES_ERROR;
				CLANG_WARN_DOCUMENTATION_COMMENTS = YES;
				CLANG_WARN_EMPTY_BODY = YES;
				CLANG_WARN_ENUM_CONVERSION = YES;
				CLANG_WARN_INFINITE_RECURSION = YES;
				CLANG_WARN_INT_CONVERSION = YES;
				CLANG_WARN_NON_LITERAL_NULL_CONVERSION = YES;
				CLANG_WARN_OBJC_IMPLICIT_RETAIN_SELF = YES;
				CLANG_WARN_OBJC_LITERAL_CONVERSION = YES;
				CLANG_WARN_OBJC_ROOT_CLASS = YES_ERROR;
				CLANG_WARN_QUOTED_INCLUDE_IN_FRAMEWORK_HEADER = YES;
				CLANG_WARN_RANGE_LOOP_ANALYSIS = YES;
				CLANG_WARN_STRICT_PROTOTYPES = YES;
				CLANG_WARN_SUSPICIOUS_MOVE = YES;
				CLANG_WARN_UNGUARDED_AVAILABILITY = YES_AGGRESSIVE;
				CLANG_WARN_UNREACHABLE_CODE = YES;
				CLANG_WARN__DUPLICATE_METHOD_MATCH = YES;
				COPY_PHASE_STRIP = NO;
				DEBUG_INFORMATION_FORMAT = dwarf;
				ENABLE_STRICT_OBJC_MSGSEND = YES;
				ENABLE_TESTABILITY = YES;
				GCC_C_LANGUAGE_STANDARD = gnu11;
				GCC_DYNAMIC_NO_PIC = NO;
				GCC_NO_COMMON_BLOCKS = YES;
				GCC_OPTIMIZATION_LEVEL = 0;
				GCC_PREPROCESSOR_DEFINITIONS = (
					"DEBUG=1",
					"$(inherited)",
				);
				GCC_WARN_64_TO_32_BIT_CONVERSION = YES;
				GCC_WARN_ABOUT_RETURN_TYPE = YES_ERROR;
				GCC_WARN_UNDECLARED_SELECTOR = YES;
				GCC_WARN_UNINITIALIZED_AUTOS = YES_AGGRESSIVE;
				GCC_WARN_UNUSED_FUNCTION = YES;
				GCC_WARN_UNUSED_VARIABLE = YES;
				IPHONEOS_DEPLOYMENT_TARGET = 14.4;
				MTL_ENABLE_DEBUG_INFO = INCLUDE_SOURCE;
				MTL_FAST_MATH = YES;
				ONLY_ACTIVE_ARCH = YES;
				SDKROOT = iphoneos;
				SWIFT_ACTIVE_COMPILATION_CONDITIONS = DEBUG;
				SWIFT_OPTIMIZATION_LEVEL = "-Onone";
			};
			name = Debug;
		};
		3FB6870E25EA215900883926 /* Release */ = {
			isa = XCBuildConfiguration;
			buildSettings = {
				ALWAYS_SEARCH_USER_PATHS = NO;
				CLANG_ANALYZER_NONNULL = YES;
				CLANG_ANALYZER_NUMBER_OBJECT_CONVERSION = YES_AGGRESSIVE;
				CLANG_CXX_LANGUAGE_STANDARD = "gnu++14";
				CLANG_CXX_LIBRARY = "libc++";
				CLANG_ENABLE_MODULES = YES;
				CLANG_ENABLE_OBJC_ARC = YES;
				CLANG_ENABLE_OBJC_WEAK = YES;
				CLANG_WARN_BLOCK_CAPTURE_AUTORELEASING = YES;
				CLANG_WARN_BOOL_CONVERSION = YES;
				CLANG_WARN_COMMA = YES;
				CLANG_WARN_CONSTANT_CONVERSION = YES;
				CLANG_WARN_DEPRECATED_OBJC_IMPLEMENTATIONS = YES;
				CLANG_WARN_DIRECT_OBJC_ISA_USAGE = YES_ERROR;
				CLANG_WARN_DOCUMENTATION_COMMENTS = YES;
				CLANG_WARN_EMPTY_BODY = YES;
				CLANG_WARN_ENUM_CONVERSION = YES;
				CLANG_WARN_INFINITE_RECURSION = YES;
				CLANG_WARN_INT_CONVERSION = YES;
				CLANG_WARN_NON_LITERAL_NULL_CONVERSION = YES;
				CLANG_WARN_OBJC_IMPLICIT_RETAIN_SELF = YES;
				CLANG_WARN_OBJC_LITERAL_CONVERSION = YES;
				CLANG_WARN_OBJC_ROOT_CLASS = YES_ERROR;
				CLANG_WARN_QUOTED_INCLUDE_IN_FRAMEWORK_HEADER = YES;
				CLANG_WARN_RANGE_LOOP_ANALYSIS = YES;
				CLANG_WARN_STRICT_PROTOTYPES = YES;
				CLANG_WARN_SUSPICIOUS_MOVE = YES;
				CLANG_WARN_UNGUARDED_AVAILABILITY = YES_AGGRESSIVE;
				CLANG_WARN_UNREACHABLE_CODE = YES;
				CLANG_WARN__DUPLICATE_METHOD_MATCH = YES;
				COPY_PHASE_STRIP = NO;
				DEBUG_INFORMATION_FORMAT = "dwarf-with-dsym";
				ENABLE_NS_ASSERTIONS = NO;
				ENABLE_STRICT_OBJC_MSGSEND = YES;
				GCC_C_LANGUAGE_STANDARD = gnu11;
				GCC_NO_COMMON_BLOCKS = YES;
				GCC_WARN_64_TO_32_BIT_CONVERSION = YES;
				GCC_WARN_ABOUT_RETURN_TYPE = YES_ERROR;
				GCC_WARN_UNDECLARED_SELECTOR = YES;
				GCC_WARN_UNINITIALIZED_AUTOS = YES_AGGRESSIVE;
				GCC_WARN_UNUSED_FUNCTION = YES;
				GCC_WARN_UNUSED_VARIABLE = YES;
				IPHONEOS_DEPLOYMENT_TARGET = 14.4;
				MTL_ENABLE_DEBUG_INFO = NO;
				MTL_FAST_MATH = YES;
				SDKROOT = iphoneos;
				SWIFT_COMPILATION_MODE = wholemodule;
				SWIFT_OPTIMIZATION_LEVEL = "-O";
				VALIDATE_PRODUCT = YES;
			};
			name = Release;
		};
		3FB6871025EA215900883926 /* Debug */ = {
			isa = XCBuildConfiguration;
			buildSettings = {
				ASSETCATALOG_COMPILER_APPICON_NAME = AppIcon;
				ASSETCATALOG_COMPILER_GLOBAL_ACCENT_COLOR_NAME = AccentColor;
				CODE_SIGN_STYLE = Automatic;
				INFOPLIST_FILE = autolayout/Info.plist;
				LD_RUNPATH_SEARCH_PATHS = (
					"$(inherited)",
					"@executable_path/Frameworks",
				);
				PRODUCT_BUNDLE_IDENTIFIER = "---------.autolayout";
				PRODUCT_NAME = "$(TARGET_NAME)";
				SWIFT_VERSION = 5.0;
				TARGETED_DEVICE_FAMILY = "1,2";
			};
			name = Debug;
		};
		3FB6871125EA215900883926 /* Release */ = {
			isa = XCBuildConfiguration;
			buildSettings = {
				ASSETCATALOG_COMPILER_APPICON_NAME = AppIcon;
				ASSETCATALOG_COMPILER_GLOBAL_ACCENT_COLOR_NAME = AccentColor;
				CODE_SIGN_STYLE = Automatic;
				INFOPLIST_FILE = autolayout/Info.plist;
				LD_RUNPATH_SEARCH_PATHS = (
					"$(inherited)",
					"@executable_path/Frameworks",
				);
				PRODUCT_BUNDLE_IDENTIFIER = "---------.autolayout";
				PRODUCT_NAME = "$(TARGET_NAME)";
				SWIFT_VERSION = 5.0;
				TARGETED_DEVICE_FAMILY = "1,2";
			};
			name = Release;
		};
		3FB6871325EA215900883926 /* Debug */ = {
			isa = XCBuildConfiguration;
			buildSettings = {
				ALWAYS_EMBED_SWIFT_STANDARD_LIBRARIES = YES;
				BUNDLE_LOADER = "$(TEST_HOST)";
				CODE_SIGN_STYLE = Automatic;
				INFOPLIST_FILE = autolayoutTests/Info.plist;
				IPHONEOS_DEPLOYMENT_TARGET = 14.4;
				LD_RUNPATH_SEARCH_PATHS = (
					"$(inherited)",
					"@executable_path/Frameworks",
					"@loader_path/Frameworks",
				);
				PRODUCT_BUNDLE_IDENTIFIER = "---------.autolayoutTests";
				PRODUCT_NAME = "$(TARGET_NAME)";
				SWIFT_VERSION = 5.0;
				TARGETED_DEVICE_FAMILY = "1,2";
				TEST_HOST = "$(BUILT_PRODUCTS_DIR)/autolayout.app/autolayout";
			};
			name = Debug;
		};
		3FB6871425EA215900883926 /* Release */ = {
			isa = XCBuildConfiguration;
			buildSettings = {
				ALWAYS_EMBED_SWIFT_STANDARD_LIBRARIES = YES;
				BUNDLE_LOADER = "$(TEST_HOST)";
				CODE_SIGN_STYLE = Automatic;
				INFOPLIST_FILE = autolayoutTests/Info.plist;
				IPHONEOS_DEPLOYMENT_TARGET = 14.4;
				LD_RUNPATH_SEARCH_PATHS = (
					"$(inherited)",
					"@executable_path/Frameworks",
					"@loader_path/Frameworks",
				);
				PRODUCT_BUNDLE_IDENTIFIER = "---------.autolayoutTests";
				PRODUCT_NAME = "$(TARGET_NAME)";
				SWIFT_VERSION = 5.0;
				TARGETED_DEVICE_FAMILY = "1,2";
				TEST_HOST = "$(BUILT_PRODUCTS_DIR)/autolayout.app/autolayout";
			};
			name = Release;
		};
		3FB6871625EA215900883926 /* Debug */ = {
			isa = XCBuildConfiguration;
			buildSettings = {
				ALWAYS_EMBED_SWIFT_STANDARD_LIBRARIES = YES;
				CODE_SIGN_STYLE = Automatic;
				INFOPLIST_FILE = autolayoutUITests/Info.plist;
				LD_RUNPATH_SEARCH_PATHS = (
					"$(inherited)",
					"@executable_path/Frameworks",
					"@loader_path/Frameworks",
				);
				PRODUCT_BUNDLE_IDENTIFIER = "---------.autolayoutUITests";
				PRODUCT_NAME = "$(TARGET_NAME)";
				SWIFT_VERSION = 5.0;
				TARGETED_DEVICE_FAMILY = "1,2";
				TEST_TARGET_NAME = autolayout;
			};
			name = Debug;
		};
		3FB6871725EA215900883926 /* Release */ = {
			isa = XCBuildConfiguration;
			buildSettings = {
				ALWAYS_EMBED_SWIFT_STANDARD_LIBRARIES = YES;
				CODE_SIGN_STYLE = Automatic;
				INFOPLIST_FILE = autolayoutUITests/Info.plist;
				LD_RUNPATH_SEARCH_PATHS = (
					"$(inherited)",
					"@executable_path/Frameworks",
					"@loader_path/Frameworks",
				);
				PRODUCT_BUNDLE_IDENTIFIER = "---------.autolayoutUITests";
				PRODUCT_NAME = "$(TARGET_NAME)";
				SWIFT_VERSION = 5.0;
				TARGETED_DEVICE_FAMILY = "1,2";
				TEST_TARGET_NAME = autolayout;
			};
			name = Release;
		};
/* End XCBuildConfiguration section */

/* Begin XCConfigurationList section */
		3FB686E025EA215800883926 /* Build configuration list for PBXProject "autolayout" */ = {
			isa = XCConfigurationList;
			buildConfigurations = (
				3FB6870D25EA215900883926 /* Debug */,
				3FB6870E25EA215900883926 /* Release */,
			);
			defaultConfigurationIsVisible = 0;
			defaultConfigurationName = Release;
		};
		3FB6870F25EA215900883926 /* Build configuration list for PBXNativeTarget "autolayout" */ = {
			isa = XCConfigurationList;
			buildConfigurations = (
				3FB6871025EA215900883926 /* Debug */,
				3FB6871125EA215900883926 /* Release */,
			);
			defaultConfigurationIsVisible = 0;
			defaultConfigurationName = Release;
		};
		3FB6871225EA215900883926 /* Build configuration list for PBXNativeTarget "autolayoutTests" */ = {
			isa = XCConfigurationList;
			buildConfigurations = (
				3FB6871325EA215900883926 /* Debug */,
				3FB6871425EA215900883926 /* Release */,
			);
			defaultConfigurationIsVisible = 0;
			defaultConfigurationName = Release;
		};
		3FB6871525EA215900883926 /* Build configuration list for PBXNativeTarget "autolayoutUITests" */ = {
			isa = XCConfigurationList;
			buildConfigurations = (
				3FB6871625EA215900883926 /* Debug */,
				3FB6871725EA215900883926 /* Release */,
			);
			defaultConfigurationIsVisible = 0;
			defaultConfigurationName = Release;
		};
/* End XCConfigurationList section */
	};
	rootObject = 3FB686DD25EA215800883926 /* Project object */;
}
